// !$*UTF8*$!
{
	archiveVersion = 1;
	classes = {
	};
	objectVersion = 46;
	objects = {

/* Begin PBXBuildFile section */
		0B0D3AEC231B4FE0E9732396 /* Foundation.framework in Frameworks */ = {isa = PBXBuildFile; fileRef = CE8E08AF67809E0A9A904B5F /* Foundation.framework */; };
		1A6C449990CAECF135EC1CA4 /* Pods_MovileNext.framework in Frameworks */ = {isa = PBXBuildFile; fileRef = 5363484BADDF4D44B8CA4747 /* Pods_MovileNext.framework */; settings = {ATTRIBUTES = (Weak, ); }; };
		5A2A062D21D107E7EA16A712 /* Main.storyboard in Sources */ = {isa = PBXBuildFile; fileRef = 53F8615DACA2685256BEB406 /* Main.storyboard */; };
		5EE12221578EE62F7F598C3D /* Pods_unit_tests.framework in Frameworks */ = {isa = PBXBuildFile; fileRef = B34332102A12D18EDE3D790D /* Pods_unit_tests.framework */; settings = {ATTRIBUTES = (Weak, ); }; };
		631543789E539AC587BBF4F4 /* Images.xcassets in Resources */ = {isa = PBXBuildFile; fileRef = 71A23D3C930B8EA3D24AD140 /* Images.xcassets */; };
		8430FF6F27BD2981E9170EA1 /* Storyboards.swift in Sources */ = {isa = PBXBuildFile; fileRef = 8CD9F412928CEABD67E5CD42 /* Storyboards.swift */; };
		9567C48E1B3C77250069D66B /* UIColor+MovileNext.swift in Sources */ = {isa = PBXBuildFile; fileRef = 9567C48D1B3C77250069D66B /* UIColor+MovileNext.swift */; };
		9567C4901B3C776F0069D66B /* CustomNavigationController.swift in Sources */ = {isa = PBXBuildFile; fileRef = 9567C48F1B3C776F0069D66B /* CustomNavigationController.swift */; };
		9567C4921B3C7D7E0069D66B /* EpisodeViewController.swift in Sources */ = {isa = PBXBuildFile; fileRef = 9567C4911B3C7D7E0069D66B /* EpisodeViewController.swift */; };
		9567C4941B3C82F30069D66B /* EpisodeTableViewCell.swift in Sources */ = {isa = PBXBuildFile; fileRef = 9567C4931B3C82F30069D66B /* EpisodeTableViewCell.swift */; };
		9567C4961B3C834C0069D66B /* SeasonViewController.swift in Sources */ = {isa = PBXBuildFile; fileRef = 9567C4951B3C834C0069D66B /* SeasonViewController.swift */; };
		9567C4981B3C85910069D66B /* ShowsViewController.swift in Sources */ = {isa = PBXBuildFile; fileRef = 9567C4971B3C85910069D66B /* ShowsViewController.swift */; };
		9567C49A1B3C86020069D66B /* ShowCollectionViewCell.swift in Sources */ = {isa = PBXBuildFile; fileRef = 9567C4991B3C86020069D66B /* ShowCollectionViewCell.swift */; };
		9567C49C1B3CC15D0069D66B /* TraktHTTPClient.swift in Sources */ = {isa = PBXBuildFile; fileRef = 9567C49B1B3CC15D0069D66B /* TraktHTTPClient.swift */; };
		C352C720DA669D1BC3D7615E /* LaunchScreen.xib in Sources */ = {isa = PBXBuildFile; fileRef = FC153B6D09B36E01A755A437 /* LaunchScreen.xib */; };
		CE201D9F1B3EDB100041E5E7 /* UIImage+DarkenImage.swift in Sources */ = {isa = PBXBuildFile; fileRef = CE201D9E1B3EDB100041E5E7 /* UIImage+DarkenImage.swift */; };
		CE201DA11B3EE63D0041E5E7 /* ShowDetailsViewController.swift in Sources */ = {isa = PBXBuildFile; fileRef = CE201DA01B3EE63D0041E5E7 /* ShowDetailsViewController.swift */; };
		CE201DA31B3EEC8D0041E5E7 /* OverviewViewController.swift in Sources */ = {isa = PBXBuildFile; fileRef = CE201DA21B3EEC8D0041E5E7 /* OverviewViewController.swift */; };
		CE201DA51B3EF86D0041E5E7 /* SeasonListViewController.swift in Sources */ = {isa = PBXBuildFile; fileRef = CE201DA41B3EF86D0041E5E7 /* SeasonListViewController.swift */; };
		CE201DA71B3EF8F20041E5E7 /* SeasonTableViewCell.swift in Sources */ = {isa = PBXBuildFile; fileRef = CE201DA61B3EF8F20041E5E7 /* SeasonTableViewCell.swift */; };
		CE201DA91B3F15320041E5E7 /* GenresViewController.swift in Sources */ = {isa = PBXBuildFile; fileRef = CE201DA81B3F15320041E5E7 /* GenresViewController.swift */; };
		CE201DAB1B3F181E0041E5E7 /* DetailsViewController.swift in Sources */ = {isa = PBXBuildFile; fileRef = CE201DAA1B3F181E0041E5E7 /* DetailsViewController.swift */; };
		CE54ADDB1B4048C700C9573C /* ShowInternalViewController.swift in Sources */ = {isa = PBXBuildFile; fileRef = CE54ADDA1B4048C700C9573C /* ShowInternalViewController.swift */; };
		CE54ADDD1B408F6100C9573C /* FavoritesManager.swift in Sources */ = {isa = PBXBuildFile; fileRef = CE54ADDC1B408F6100C9573C /* FavoritesManager.swift */; };
		CF6C2F3CB2FC3102C0AC5603 /* AppDelegate.swift in Sources */ = {isa = PBXBuildFile; fileRef = 635AC2A6F89C4B1EA75A5544 /* AppDelegate.swift */; };
/* End PBXBuildFile section */

/* Begin PBXContainerItemProxy section */
		273FA6399718845DB8019726 /* PBXContainerItemProxy */ = {
			isa = PBXContainerItemProxy;
			containerPortal = 92E15E4BB8E86A0D36ADADE9 /* Project object */;
			proxyType = 1;
			remoteGlobalIDString = 869CC264F5B0D99FAB6961E2;
			remoteInfo = MovileNext;
		};
/* End PBXContainerItemProxy section */

/* Begin PBXFileReference section */
		01DE5338B8E0CCF1090AD88E /* MovileNext.app */ = {isa = PBXFileReference; explicitFileType = wrapper.application; includeInIndex = 0; path = MovileNext.app; sourceTree = BUILT_PRODUCTS_DIR; };
		0465B536932364233E193D1B /* Pods-unit_tests.release.xcconfig */ = {isa = PBXFileReference; includeInIndex = 1; lastKnownFileType = text.xcconfig; name = "Pods-unit_tests.release.xcconfig"; path = "Pods/Target Support Files/Pods-unit_tests/Pods-unit_tests.release.xcconfig"; sourceTree = "<group>"; };
		4A7A4052F0662E17B8F919F5 /* UnitTests-Info.plist */ = {isa = PBXFileReference; includeInIndex = 1; lastKnownFileType = text.plist.xml; path = "UnitTests-Info.plist"; sourceTree = "<group>"; };
		5363484BADDF4D44B8CA4747 /* Pods_MovileNext.framework */ = {isa = PBXFileReference; explicitFileType = wrapper.framework; includeInIndex = 0; path = Pods_MovileNext.framework; sourceTree = BUILT_PRODUCTS_DIR; };
		53F8615DACA2685256BEB406 /* Main.storyboard */ = {isa = PBXFileReference; includeInIndex = 1; lastKnownFileType = file.storyboard; path = Main.storyboard; sourceTree = "<group>"; };
		5B2E7A2DC16CE702AC9F0468 /* Info.plist */ = {isa = PBXFileReference; includeInIndex = 1; lastKnownFileType = text.plist.xml; path = Info.plist; sourceTree = "<group>"; };
		635AC2A6F89C4B1EA75A5544 /* AppDelegate.swift */ = {isa = PBXFileReference; includeInIndex = 1; lastKnownFileType = sourcecode.swift; path = AppDelegate.swift; sourceTree = "<group>"; };
		71A23D3C930B8EA3D24AD140 /* Images.xcassets */ = {isa = PBXFileReference; includeInIndex = 1; lastKnownFileType = folder.assetcatalog; path = Images.xcassets; sourceTree = "<group>"; };
		829832D6FC886D46D9176C14 /* UnitTests.xctest */ = {isa = PBXFileReference; explicitFileType = wrapper.cfbundle; includeInIndex = 0; path = UnitTests.xctest; sourceTree = BUILT_PRODUCTS_DIR; };
		8CD9F412928CEABD67E5CD42 /* Storyboards.swift */ = {isa = PBXFileReference; includeInIndex = 1; lastKnownFileType = sourcecode.swift; path = Storyboards.swift; sourceTree = "<group>"; };
		9567C48D1B3C77250069D66B /* UIColor+MovileNext.swift */ = {isa = PBXFileReference; fileEncoding = 4; lastKnownFileType = sourcecode.swift; path = "UIColor+MovileNext.swift"; sourceTree = "<group>"; };
		9567C48F1B3C776F0069D66B /* CustomNavigationController.swift */ = {isa = PBXFileReference; fileEncoding = 4; lastKnownFileType = sourcecode.swift; path = CustomNavigationController.swift; sourceTree = "<group>"; };
		9567C4911B3C7D7E0069D66B /* EpisodeViewController.swift */ = {isa = PBXFileReference; fileEncoding = 4; lastKnownFileType = sourcecode.swift; path = EpisodeViewController.swift; sourceTree = "<group>"; };
		9567C4931B3C82F30069D66B /* EpisodeTableViewCell.swift */ = {isa = PBXFileReference; fileEncoding = 4; lastKnownFileType = sourcecode.swift; path = EpisodeTableViewCell.swift; sourceTree = "<group>"; };
		9567C4951B3C834C0069D66B /* SeasonViewController.swift */ = {isa = PBXFileReference; fileEncoding = 4; lastKnownFileType = sourcecode.swift; path = SeasonViewController.swift; sourceTree = "<group>"; };
		9567C4971B3C85910069D66B /* ShowsViewController.swift */ = {isa = PBXFileReference; fileEncoding = 4; lastKnownFileType = sourcecode.swift; path = ShowsViewController.swift; sourceTree = "<group>"; };
		9567C4991B3C86020069D66B /* ShowCollectionViewCell.swift */ = {isa = PBXFileReference; fileEncoding = 4; lastKnownFileType = sourcecode.swift; path = ShowCollectionViewCell.swift; sourceTree = "<group>"; };
		9567C49B1B3CC15D0069D66B /* TraktHTTPClient.swift */ = {isa = PBXFileReference; fileEncoding = 4; lastKnownFileType = sourcecode.swift; path = TraktHTTPClient.swift; sourceTree = "<group>"; };
		9D9669C3FF74AAC62D2E2B85 /* Pods-MovileNext.debug.xcconfig */ = {isa = PBXFileReference; includeInIndex = 1; lastKnownFileType = text.xcconfig; name = "Pods-MovileNext.debug.xcconfig"; path = "Pods/Target Support Files/Pods-MovileNext/Pods-MovileNext.debug.xcconfig"; sourceTree = "<group>"; };
		AA39F2E9C80297EFBD577648 /* Pods-MovileNext.release.xcconfig */ = {isa = PBXFileReference; includeInIndex = 1; lastKnownFileType = text.xcconfig; name = "Pods-MovileNext.release.xcconfig"; path = "Pods/Target Support Files/Pods-MovileNext/Pods-MovileNext.release.xcconfig"; sourceTree = "<group>"; };
		B34332102A12D18EDE3D790D /* Pods_unit_tests.framework */ = {isa = PBXFileReference; explicitFileType = wrapper.framework; includeInIndex = 0; path = Pods_unit_tests.framework; sourceTree = BUILT_PRODUCTS_DIR; };
		CE201D9E1B3EDB100041E5E7 /* UIImage+DarkenImage.swift */ = {isa = PBXFileReference; fileEncoding = 4; lastKnownFileType = sourcecode.swift; path = "UIImage+DarkenImage.swift"; sourceTree = "<group>"; };
		CE201DA01B3EE63D0041E5E7 /* ShowDetailsViewController.swift */ = {isa = PBXFileReference; fileEncoding = 4; lastKnownFileType = sourcecode.swift; path = ShowDetailsViewController.swift; sourceTree = "<group>"; };
		CE201DA21B3EEC8D0041E5E7 /* OverviewViewController.swift */ = {isa = PBXFileReference; fileEncoding = 4; lastKnownFileType = sourcecode.swift; path = OverviewViewController.swift; sourceTree = "<group>"; };
		CE201DA41B3EF86D0041E5E7 /* SeasonListViewController.swift */ = {isa = PBXFileReference; fileEncoding = 4; lastKnownFileType = sourcecode.swift; path = SeasonListViewController.swift; sourceTree = "<group>"; };
		CE201DA61B3EF8F20041E5E7 /* SeasonTableViewCell.swift */ = {isa = PBXFileReference; fileEncoding = 4; lastKnownFileType = sourcecode.swift; path = SeasonTableViewCell.swift; sourceTree = "<group>"; };
		CE201DA81B3F15320041E5E7 /* GenresViewController.swift */ = {isa = PBXFileReference; fileEncoding = 4; lastKnownFileType = sourcecode.swift; path = GenresViewController.swift; sourceTree = "<group>"; };
		CE201DAA1B3F181E0041E5E7 /* DetailsViewController.swift */ = {isa = PBXFileReference; fileEncoding = 4; lastKnownFileType = sourcecode.swift; path = DetailsViewController.swift; sourceTree = "<group>"; };
		CE54ADDA1B4048C700C9573C /* ShowInternalViewController.swift */ = {isa = PBXFileReference; fileEncoding = 4; lastKnownFileType = sourcecode.swift; path = ShowInternalViewController.swift; sourceTree = "<group>"; };
		CE54ADDC1B408F6100C9573C /* FavoritesManager.swift */ = {isa = PBXFileReference; fileEncoding = 4; lastKnownFileType = sourcecode.swift; path = FavoritesManager.swift; sourceTree = "<group>"; };
		CE8E08AF67809E0A9A904B5F /* Foundation.framework */ = {isa = PBXFileReference; lastKnownFileType = wrapper.framework; name = Foundation.framework; path = Platforms/iPhoneOS.platform/Developer/SDKs/iPhoneOS7.1.sdk/System/Library/Frameworks/Foundation.framework; sourceTree = DEVELOPER_DIR; };
		F8215B78DD5D3AAE03BA4081 /* Pods-unit_tests.debug.xcconfig */ = {isa = PBXFileReference; includeInIndex = 1; lastKnownFileType = text.xcconfig; name = "Pods-unit_tests.debug.xcconfig"; path = "Pods/Target Support Files/Pods-unit_tests/Pods-unit_tests.debug.xcconfig"; sourceTree = "<group>"; };
		FC153B6D09B36E01A755A437 /* LaunchScreen.xib */ = {isa = PBXFileReference; includeInIndex = 1; lastKnownFileType = file.xib; path = LaunchScreen.xib; sourceTree = "<group>"; };
/* End PBXFileReference section */

/* Begin PBXFrameworksBuildPhase section */
		A71C8B96837E69255E4D42DD /* Frameworks */ = {
			isa = PBXFrameworksBuildPhase;
			buildActionMask = 2147483647;
			files = (
				0B0D3AEC231B4FE0E9732396 /* Foundation.framework in Frameworks */,
				1A6C449990CAECF135EC1CA4 /* Pods_MovileNext.framework in Frameworks */,
			);
			runOnlyForDeploymentPostprocessing = 0;
		};
		BC3D2B80C8857D2097B52D83 /* Frameworks */ = {
			isa = PBXFrameworksBuildPhase;
			buildActionMask = 2147483647;
			files = (
				5EE12221578EE62F7F598C3D /* Pods_unit_tests.framework in Frameworks */,
			);
			runOnlyForDeploymentPostprocessing = 0;
		};
/* End PBXFrameworksBuildPhase section */

/* Begin PBXGroup section */
		0658DD79EFF59B5CE7A215AD /* Tests */ = {
			isa = PBXGroup;
			children = (
			);
			path = Tests;
			sourceTree = "<group>";
		};
		0CBDEDAC6F6E5F3A77A93B77 /* Helpers */ = {
			isa = PBXGroup;
			children = (
			);
			path = Helpers;
			sourceTree = "<group>";
		};
		32F0156D33C6219FBDC1F6EC /* ViewControllers */ = {
			isa = PBXGroup;
			children = (
			);
			path = ViewControllers;
			sourceTree = "<group>";
		};
		366F454CD5AAF289FFE916FB /* UnitTests */ = {
			isa = PBXGroup;
			children = (
				7AC7923F6BA34116A6468660 /* Resources */,
				0CBDEDAC6F6E5F3A77A93B77 /* Helpers */,
				0658DD79EFF59B5CE7A215AD /* Tests */,
			);
			path = UnitTests;
			sourceTree = "<group>";
		};
		385B15C496174A4C657DAA4D = {
			isa = PBXGroup;
			children = (
				DCB5CA2771753E132CC92C73 /* MovileNext */,
				366F454CD5AAF289FFE916FB /* UnitTests */,
				F556371C57D0814BD9FFBA01 /* Frameworks */,
				BA7FA5735B648A6E1B352028 /* Products */,
				394D682281C292E9B3C79D5D /* Pods */,
			);
			indentWidth = 4;
			sourceTree = "<group>";
			tabWidth = 4;
			usesTabs = 0;
		};
		394D682281C292E9B3C79D5D /* Pods */ = {
			isa = PBXGroup;
			children = (
				0465B536932364233E193D1B /* Pods-unit_tests.release.xcconfig */,
				F8215B78DD5D3AAE03BA4081 /* Pods-unit_tests.debug.xcconfig */,
				AA39F2E9C80297EFBD577648 /* Pods-MovileNext.release.xcconfig */,
				9D9669C3FF74AAC62D2E2B85 /* Pods-MovileNext.debug.xcconfig */,
			);
			name = Pods;
			sourceTree = "<group>";
		};
		7066FB60B1D0076FC6904773 /* Controllers */ = {
			isa = PBXGroup;
			children = (
				635AC2A6F89C4B1EA75A5544 /* AppDelegate.swift */,
				9567C48F1B3C776F0069D66B /* CustomNavigationController.swift */,
				CE201DAA1B3F181E0041E5E7 /* DetailsViewController.swift */,
				9567C4911B3C7D7E0069D66B /* EpisodeViewController.swift */,
				CE201DA81B3F15320041E5E7 /* GenresViewController.swift */,
				CE201DA21B3EEC8D0041E5E7 /* OverviewViewController.swift */,
				CE201DA41B3EF86D0041E5E7 /* SeasonListViewController.swift */,
				9567C4951B3C834C0069D66B /* SeasonViewController.swift */,
				CE201DA01B3EE63D0041E5E7 /* ShowDetailsViewController.swift */,
				9567C4971B3C85910069D66B /* ShowsViewController.swift */,
				8CD9F412928CEABD67E5CD42 /* Storyboards.swift */,
				9567C49B1B3CC15D0069D66B /* TraktHTTPClient.swift */,
			);
			path = Controllers;
			sourceTree = "<group>";
		};
		7AC7923F6BA34116A6468660 /* Resources */ = {
			isa = PBXGroup;
			children = (
				4A7A4052F0662E17B8F919F5 /* UnitTests-Info.plist */,
			);
			path = Resources;
			sourceTree = "<group>";
		};
		920A711E825FF37B2022A5E6 /* Views */ = {
			isa = PBXGroup;
			children = (
				9567C4931B3C82F30069D66B /* EpisodeTableViewCell.swift */,
				9567C4991B3C86020069D66B /* ShowCollectionViewCell.swift */,
				CE201DA61B3EF8F20041E5E7 /* SeasonTableViewCell.swift */,
			);
			path = Views;
			sourceTree = "<group>";
		};
		B27EDA431CCF8D6438208AD1 /* iOS */ = {
			isa = PBXGroup;
			children = (
				CE8E08AF67809E0A9A904B5F /* Foundation.framework */,
			);
			name = iOS;
			sourceTree = "<group>";
		};
		BA7FA5735B648A6E1B352028 /* Products */ = {
			isa = PBXGroup;
			children = (
				01DE5338B8E0CCF1090AD88E /* MovileNext.app */,
				829832D6FC886D46D9176C14 /* UnitTests.xctest */,
			);
			name = Products;
			sourceTree = "<group>";
		};
		C25911D3F7CE208E640634A2 /* Storyboards */ = {
			isa = PBXGroup;
			children = (
				53F8615DACA2685256BEB406 /* Main.storyboard */,
			);
			path = Storyboards;
			sourceTree = "<group>";
		};
		C53B32CED5046C09BC7AB32D /* Extensions */ = {
			isa = PBXGroup;
			children = (
				CE201D9E1B3EDB100041E5E7 /* UIImage+DarkenImage.swift */,
				9567C48D1B3C77250069D66B /* UIColor+MovileNext.swift */,
			);
			path = Extensions;
			sourceTree = "<group>";
		};
		D1803ECFAA9AD537BA7B6D77 /* Resources */ = {
			isa = PBXGroup;
			children = (
				71A23D3C930B8EA3D24AD140 /* Images.xcassets */,
				C25911D3F7CE208E640634A2 /* Storyboards */,
				E79D5791BE834CB222E4CD48 /* Nibs */,
				F1CFF95CEE38B9F9AF00E9D1 /* Other-Sources */,
			);
			path = Resources;
			sourceTree = "<group>";
		};
		D62F81B169BC5E9D6CF394B7 /* Models */ = {
			isa = PBXGroup;
			children = (
				CE54ADDC1B408F6100C9573C /* FavoritesManager.swift */,
			);
			path = Models;
			sourceTree = "<group>";
		};
		DCB5CA2771753E132CC92C73 /* MovileNext */ = {
			isa = PBXGroup;
			children = (
				C53B32CED5046C09BC7AB32D /* Extensions */,
				FBF693E36CCEC43AF0B7F8AC /* Protocols */,
				D62F81B169BC5E9D6CF394B7 /* Models */,
				32F0156D33C6219FBDC1F6EC /* ViewControllers */,
				7066FB60B1D0076FC6904773 /* Controllers */,
				920A711E825FF37B2022A5E6 /* Views */,
				D1803ECFAA9AD537BA7B6D77 /* Resources */,
			);
			path = MovileNext;
			sourceTree = "<group>";
		};
		E79D5791BE834CB222E4CD48 /* Nibs */ = {
			isa = PBXGroup;
			children = (
				FC153B6D09B36E01A755A437 /* LaunchScreen.xib */,
			);
			path = Nibs;
			sourceTree = "<group>";
		};
		F1CFF95CEE38B9F9AF00E9D1 /* Other-Sources */ = {
			isa = PBXGroup;
			children = (
				5B2E7A2DC16CE702AC9F0468 /* Info.plist */,
			);
			path = "Other-Sources";
			sourceTree = "<group>";
		};
		F556371C57D0814BD9FFBA01 /* Frameworks */ = {
			isa = PBXGroup;
			children = (
				B27EDA431CCF8D6438208AD1 /* iOS */,
				B34332102A12D18EDE3D790D /* Pods_unit_tests.framework */,
				5363484BADDF4D44B8CA4747 /* Pods_MovileNext.framework */,
			);
			name = Frameworks;
			sourceTree = "<group>";
		};
		FBF693E36CCEC43AF0B7F8AC /* Protocols */ = {
			isa = PBXGroup;
			children = (
				CE54ADDA1B4048C700C9573C /* ShowInternalViewController.swift */,
			);
			path = Protocols;
			sourceTree = "<group>";
		};
/* End PBXGroup section */

/* Begin PBXNativeTarget section */
		2A87EEF1FB31DF718F47916D /* UnitTests */ = {
			isa = PBXNativeTarget;
			buildConfigurationList = A9DE7E7B54D49047601F1EA6 /* Build configuration list for PBXNativeTarget "UnitTests" */;
			buildPhases = (
				6BE1B02803BB57F4A9EDF6D8 /* Check Pods Manifest.lock */,
				6652FCFE780803C2428CCCBD /* Sources */,
				BC3D2B80C8857D2097B52D83 /* Frameworks */,
				DEA34E7175E818FCF4F42A94 /* Resources */,
				1A69B190EFBB80106FB9D94A /* Embed Pods Frameworks */,
				32D85F22E2EFDE5428BA8A79 /* Copy Pods Resources */,
			);
			buildRules = (
			);
			dependencies = (
				B0A80C7F5BC8DD33CD1C3E45 /* PBXTargetDependency */,
			);
			name = UnitTests;
			productName = UnitTests;
			productReference = 829832D6FC886D46D9176C14 /* UnitTests.xctest */;
			productType = "com.apple.product-type.bundle.unit-test";
		};
		869CC264F5B0D99FAB6961E2 /* MovileNext */ = {
			isa = PBXNativeTarget;
			buildConfigurationList = B8965CD1337D6FBA0B48DF43 /* Build configuration list for PBXNativeTarget "MovileNext" */;
			buildPhases = (
				7DC3D48F372F8D7B55A5B56A /* Check Pods Manifest.lock */,
				6BD85096C3B0D34CAF13D2FE /* Generate Storyboards.swift (Natalie) */,
				1F05D38A3C93152E62748BE7 /* Sources */,
				A71C8B96837E69255E4D42DD /* Frameworks */,
				E824394AC21547A1D424120B /* Resources */,
				A25CA286192C0E4E120DE3C7 /* Warn for TODO and FIXME comments */,
				5B913B094A7BCB6F50399B4A /* Set version number */,
				3F40067228339C15C6060207 /* Embed Pods Frameworks */,
				353A56D629F45A076427338F /* Copy Pods Resources */,
			);
			buildRules = (
			);
			dependencies = (
			);
			name = MovileNext;
			productName = MovileNext;
			productReference = 01DE5338B8E0CCF1090AD88E /* MovileNext.app */;
			productType = "com.apple.product-type.application";
		};
/* End PBXNativeTarget section */

/* Begin PBXProject section */
		92E15E4BB8E86A0D36ADADE9 /* Project object */ = {
			isa = PBXProject;
			attributes = {
				CLASSPREFIX = "";
				LastUpgradeCheck = 0510;
				ORGANIZATIONNAME = Movile;
			};
			buildConfigurationList = 4EBBB804A07499C84D62BB7F /* Build configuration list for PBXProject "MovileNext" */;
			compatibilityVersion = "Xcode 3.2";
			developmentRegion = English;
			hasScannedForEncodings = 0;
			knownRegions = (
				en,
			);
			mainGroup = 385B15C496174A4C657DAA4D;
			productRefGroup = BA7FA5735B648A6E1B352028 /* Products */;
			projectDirPath = "";
			projectRoot = "";
			targets = (
				869CC264F5B0D99FAB6961E2 /* MovileNext */,
				2A87EEF1FB31DF718F47916D /* UnitTests */,
			);
		};
/* End PBXProject section */

/* Begin PBXResourcesBuildPhase section */
		DEA34E7175E818FCF4F42A94 /* Resources */ = {
			isa = PBXResourcesBuildPhase;
			buildActionMask = 2147483647;
			files = (
			);
			runOnlyForDeploymentPostprocessing = 0;
		};
		E824394AC21547A1D424120B /* Resources */ = {
			isa = PBXResourcesBuildPhase;
			buildActionMask = 2147483647;
			files = (
				631543789E539AC587BBF4F4 /* Images.xcassets in Resources */,
			);
			runOnlyForDeploymentPostprocessing = 0;
		};
/* End PBXResourcesBuildPhase section */

/* Begin PBXShellScriptBuildPhase section */
		1A69B190EFBB80106FB9D94A /* Embed Pods Frameworks */ = {
			isa = PBXShellScriptBuildPhase;
			buildActionMask = 2147483647;
			files = (
			);
			inputPaths = (
			);
			name = "Embed Pods Frameworks";
			outputPaths = (
			);
			runOnlyForDeploymentPostprocessing = 0;
			shellPath = /bin/sh;
			shellScript = "\"${SRCROOT}/Pods/Target Support Files/Pods-unit_tests/Pods-unit_tests-frameworks.sh\"\n";
			showEnvVarsInLog = 0;
		};
		32D85F22E2EFDE5428BA8A79 /* Copy Pods Resources */ = {
			isa = PBXShellScriptBuildPhase;
			buildActionMask = 2147483647;
			files = (
			);
			inputPaths = (
			);
			name = "Copy Pods Resources";
			outputPaths = (
			);
			runOnlyForDeploymentPostprocessing = 0;
			shellPath = /bin/sh;
			shellScript = "\"${SRCROOT}/Pods/Target Support Files/Pods-unit_tests/Pods-unit_tests-resources.sh\"\n";
			showEnvVarsInLog = 0;
		};
		353A56D629F45A076427338F /* Copy Pods Resources */ = {
			isa = PBXShellScriptBuildPhase;
			buildActionMask = 2147483647;
			files = (
			);
			inputPaths = (
			);
			name = "Copy Pods Resources";
			outputPaths = (
			);
			runOnlyForDeploymentPostprocessing = 0;
			shellPath = /bin/sh;
			shellScript = "\"${SRCROOT}/Pods/Target Support Files/Pods-MovileNext/Pods-MovileNext-resources.sh\"\n";
			showEnvVarsInLog = 0;
		};
		3F40067228339C15C6060207 /* Embed Pods Frameworks */ = {
			isa = PBXShellScriptBuildPhase;
			buildActionMask = 2147483647;
			files = (
			);
			inputPaths = (
			);
			name = "Embed Pods Frameworks";
			outputPaths = (
			);
			runOnlyForDeploymentPostprocessing = 0;
			shellPath = /bin/sh;
			shellScript = "\"${SRCROOT}/Pods/Target Support Files/Pods-MovileNext/Pods-MovileNext-frameworks.sh\"\n";
			showEnvVarsInLog = 0;
		};
		5B913B094A7BCB6F50399B4A /* Set version number */ = {
			isa = PBXShellScriptBuildPhase;
			buildActionMask = 2147483647;
			files = (
			);
			inputPaths = (
			);
			name = "Set version number";
			outputPaths = (
			);
			runOnlyForDeploymentPostprocessing = 0;
			shellPath = /bin/sh;
			shellScript = "git=$(sh /etc/profile; which git)\ngit_release_version=$(\"$git\" describe --tags --always --abbrev=0)\nnumber_of_commits=$(\"$git\" rev-list master | wc -l | tr -d ' ')\ntarget_plist=\"$TARGET_BUILD_DIR/$INFOPLIST_PATH\"\ndsym_plist=\"$DWARF_DSYM_FOLDER_PATH/$DWARF_DSYM_FILE_NAME/Contents/Info.plist\"\n\nfor plist in \"$target_plist\" \"$dsym_plist\"; do\n  if [ -f \"$plist\" ]; then\n    /usr/libexec/PlistBuddy -c \"Set :CFBundleVersion $number_of_commits\" \"$plist\"\n    /usr/libexec/PlistBuddy -c \"Set :CFBundleShortVersionString ${git_release_version#*v}\" \"$plist\"\n  fi\ndone\n";
		};
		6BD85096C3B0D34CAF13D2FE /* Generate Storyboards.swift (Natalie) */ = {
			isa = PBXShellScriptBuildPhase;
			buildActionMask = 2147483647;
			files = (
			);
			inputPaths = (
			);
			name = "Generate Storyboards.swift (Natalie)";
			outputPaths = (
			);
			runOnlyForDeploymentPostprocessing = 0;
			shellPath = /bin/sh;
			shellScript = "/usr/local/bin/natalie.swift \"$PROJECT_DIR/$PROJECT_NAME\" > \"$PROJECT_DIR/$PROJECT_NAME/Controllers/Storyboards.swift\"\n";
		};
		6BE1B02803BB57F4A9EDF6D8 /* Check Pods Manifest.lock */ = {
			isa = PBXShellScriptBuildPhase;
			buildActionMask = 2147483647;
			files = (
			);
			inputPaths = (
			);
			name = "Check Pods Manifest.lock";
			outputPaths = (
			);
			runOnlyForDeploymentPostprocessing = 0;
			shellPath = /bin/sh;
			shellScript = "diff \"${PODS_ROOT}/../Podfile.lock\" \"${PODS_ROOT}/Manifest.lock\" > /dev/null\nif [[ $? != 0 ]] ; then\n    cat << EOM\nerror: The sandbox is not in sync with the Podfile.lock. Run 'pod install' or update your CocoaPods installation.\nEOM\n    exit 1\nfi\n";
			showEnvVarsInLog = 0;
		};
		7DC3D48F372F8D7B55A5B56A /* Check Pods Manifest.lock */ = {
			isa = PBXShellScriptBuildPhase;
			buildActionMask = 2147483647;
			files = (
			);
			inputPaths = (
			);
			name = "Check Pods Manifest.lock";
			outputPaths = (
			);
			runOnlyForDeploymentPostprocessing = 0;
			shellPath = /bin/sh;
			shellScript = "diff \"${PODS_ROOT}/../Podfile.lock\" \"${PODS_ROOT}/Manifest.lock\" > /dev/null\nif [[ $? != 0 ]] ; then\n    cat << EOM\nerror: The sandbox is not in sync with the Podfile.lock. Run 'pod install' or update your CocoaPods installation.\nEOM\n    exit 1\nfi\n";
			showEnvVarsInLog = 0;
		};
		A25CA286192C0E4E120DE3C7 /* Warn for TODO and FIXME comments */ = {
			isa = PBXShellScriptBuildPhase;
			buildActionMask = 2147483647;
			files = (
			);
			inputPaths = (
			);
			name = "Warn for TODO and FIXME comments";
			outputPaths = (
			);
			runOnlyForDeploymentPostprocessing = 0;
			shellPath = /bin/sh;
			shellScript = "KEYWORDS=\"TODO:|FIXME:|\\?\\?\\?:|\\!\\!\\!:\"\nFILE_EXTENSIONS=\"swift|h|m|mm|c|cpp\"\nfind -E \"${SRCROOT}\" -ipath \"${SRCROOT}/pods\" -prune -o \\( -regex \".*\\.($FILE_EXTENSIONS)$\" \\) -print0 | xargs -0 egrep --with-filename --line-number --only-matching \"($KEYWORDS).*\\$\" | perl -p -e \"s/($KEYWORDS)/ warning: \\$1/\"\n";
		};
/* End PBXShellScriptBuildPhase section */

/* Begin PBXSourcesBuildPhase section */
		1F05D38A3C93152E62748BE7 /* Sources */ = {
			isa = PBXSourcesBuildPhase;
			buildActionMask = 2147483647;
			files = (
				CE54ADDB1B4048C700C9573C /* ShowInternalViewController.swift in Sources */,
				CE201DA91B3F15320041E5E7 /* GenresViewController.swift in Sources */,
				9567C49A1B3C86020069D66B /* ShowCollectionViewCell.swift in Sources */,
				9567C49C1B3CC15D0069D66B /* TraktHTTPClient.swift in Sources */,
				CE201DA31B3EEC8D0041E5E7 /* OverviewViewController.swift in Sources */,
				9567C4901B3C776F0069D66B /* CustomNavigationController.swift in Sources */,
				9567C4981B3C85910069D66B /* ShowsViewController.swift in Sources */,
				9567C4941B3C82F30069D66B /* EpisodeTableViewCell.swift in Sources */,
				9567C4921B3C7D7E0069D66B /* EpisodeViewController.swift in Sources */,
				CF6C2F3CB2FC3102C0AC5603 /* AppDelegate.swift in Sources */,
				CE54ADDD1B408F6100C9573C /* FavoritesManager.swift in Sources */,
				CE201D9F1B3EDB100041E5E7 /* UIImage+DarkenImage.swift in Sources */,
				8430FF6F27BD2981E9170EA1 /* Storyboards.swift in Sources */,
				5A2A062D21D107E7EA16A712 /* Main.storyboard in Sources */,
				9567C48E1B3C77250069D66B /* UIColor+MovileNext.swift in Sources */,
				CE201DAB1B3F181E0041E5E7 /* DetailsViewController.swift in Sources */,
				C352C720DA669D1BC3D7615E /* LaunchScreen.xib in Sources */,
				CE201DA51B3EF86D0041E5E7 /* SeasonListViewController.swift in Sources */,
				CE201DA11B3EE63D0041E5E7 /* ShowDetailsViewController.swift in Sources */,
				CE201DA71B3EF8F20041E5E7 /* SeasonTableViewCell.swift in Sources */,
				9567C4961B3C834C0069D66B /* SeasonViewController.swift in Sources */,
			);
			runOnlyForDeploymentPostprocessing = 0;
		};
		6652FCFE780803C2428CCCBD /* Sources */ = {
			isa = PBXSourcesBuildPhase;
			buildActionMask = 2147483647;
			files = (
			);
			runOnlyForDeploymentPostprocessing = 0;
		};
/* End PBXSourcesBuildPhase section */

/* Begin PBXTargetDependency section */
		B0A80C7F5BC8DD33CD1C3E45 /* PBXTargetDependency */ = {
			isa = PBXTargetDependency;
			target = 869CC264F5B0D99FAB6961E2 /* MovileNext */;
			targetProxy = 273FA6399718845DB8019726 /* PBXContainerItemProxy */;
		};
/* End PBXTargetDependency section */

/* Begin XCBuildConfiguration section */
		1B1374E911CA2FB6F4E56BC1 /* Debug */ = {
			isa = XCBuildConfiguration;
			buildSettings = {
				ALWAYS_SEARCH_USER_PATHS = NO;
				ASSETCATALOG_COMPILER_APPICON_NAME = AppIcon;
				CLANG_CXX_LANGUAGE_STANDARD = "gnu++0x";
				CLANG_CXX_LIBRARY = "libc++";
				CLANG_ENABLE_MODULES = YES;
				CLANG_ENABLE_OBJC_ARC = YES;
				CLANG_WARN_BOOL_CONVERSION = YES;
				CLANG_WARN_CONSTANT_CONVERSION = YES;
				CLANG_WARN_DEPRECATED_OBJC_IMPLEMENTATIONS = YES;
				CLANG_WARN_DIRECT_OBJC_ISA_USAGE = YES;
				CLANG_WARN_EMPTY_BODY = YES;
				CLANG_WARN_ENUM_CONVERSION = YES;
				CLANG_WARN_IMPLICIT_SIGN_CONVERSION = YES;
				CLANG_WARN_INT_CONVERSION = YES;
				CLANG_WARN_OBJC_IMPLICIT_RETAIN_SELF = YES;
				CLANG_WARN_OBJC_ROOT_CLASS = YES;
				CLANG_WARN_SUSPICIOUS_IMPLICIT_CONVERSION = YES;
				"CODE_SIGN_IDENTITY[sdk=iphoneos*]" = "iPhone Developer";
				COPY_PHASE_STRIP = YES;
				GCC_C_LANGUAGE_STANDARD = gnu99;
				GCC_DYNAMIC_NO_PIC = NO;
				GCC_OPTIMIZATION_LEVEL = 0;
				GCC_PREPROCESSOR_DEFINITIONS = (
					"DEBUG=1",
					"$(inherited)",
				);
				GCC_SYMBOLS_PRIVATE_EXTERN = NO;
				GCC_WARN_64_TO_32_BIT_CONVERSION = YES;
				GCC_WARN_ABOUT_DEPRECATED_FUNCTIONS = YES;
				GCC_WARN_ABOUT_MISSING_FIELD_INITIALIZERS = YES;
				GCC_WARN_ABOUT_MISSING_NEWLINE = YES;
				GCC_WARN_ABOUT_RETURN_TYPE = YES;
				GCC_WARN_CHECK_SWITCH_STATEMENTS = YES;
				GCC_WARN_INITIALIZER_NOT_FULLY_BRACKETED = YES;
				GCC_WARN_MISSING_PARENTHESES = YES;
				GCC_WARN_SHADOW = YES;
				GCC_WARN_SIGN_COMPARE = YES;
				GCC_WARN_TYPECHECK_CALLS_TO_PRINTF = YES;
				GCC_WARN_UNDECLARED_SELECTOR = YES;
				GCC_WARN_UNINITIALIZED_AUTOS = YES;
				GCC_WARN_UNUSED_FUNCTION = YES;
				GCC_WARN_UNUSED_LABEL = YES;
				GCC_WARN_UNUSED_VALUE = YES;
				GCC_WARN_UNUSED_VARIABLE = YES;
				IPHONEOS_DEPLOYMENT_TARGET = 8.0;
				ONLY_ACTIVE_ARCH = YES;
				RUN_CLANG_STATIC_ANALYZER = YES;
				SDKROOT = iphoneos;
			};
			name = Debug;
		};
		6043839ABB8566549842E5E9 /* Release */ = {
			isa = XCBuildConfiguration;
			buildSettings = {
				ALWAYS_SEARCH_USER_PATHS = NO;
				ASSETCATALOG_COMPILER_APPICON_NAME = AppIcon;
				CLANG_CXX_LANGUAGE_STANDARD = "gnu++0x";
				CLANG_CXX_LIBRARY = "libc++";
				CLANG_ENABLE_MODULES = YES;
				CLANG_ENABLE_OBJC_ARC = YES;
				CLANG_WARN_BOOL_CONVERSION = YES;
				CLANG_WARN_CONSTANT_CONVERSION = YES;
				CLANG_WARN_DEPRECATED_OBJC_IMPLEMENTATIONS = YES;
				CLANG_WARN_DIRECT_OBJC_ISA_USAGE = YES;
				CLANG_WARN_EMPTY_BODY = YES;
				CLANG_WARN_ENUM_CONVERSION = YES;
				CLANG_WARN_IMPLICIT_SIGN_CONVERSION = YES;
				CLANG_WARN_INT_CONVERSION = YES;
				CLANG_WARN_OBJC_IMPLICIT_RETAIN_SELF = YES;
				CLANG_WARN_OBJC_ROOT_CLASS = YES;
				CLANG_WARN_SUSPICIOUS_IMPLICIT_CONVERSION = YES;
				"CODE_SIGN_IDENTITY[sdk=iphoneos*]" = "iPhone Developer";
				COPY_PHASE_STRIP = NO;
				ENABLE_NS_ASSERTIONS = NO;
				GCC_C_LANGUAGE_STANDARD = gnu99;
				GCC_WARN_64_TO_32_BIT_CONVERSION = YES;
				GCC_WARN_ABOUT_DEPRECATED_FUNCTIONS = YES;
				GCC_WARN_ABOUT_MISSING_FIELD_INITIALIZERS = YES;
				GCC_WARN_ABOUT_MISSING_NEWLINE = YES;
				GCC_WARN_ABOUT_RETURN_TYPE = YES;
				GCC_WARN_CHECK_SWITCH_STATEMENTS = YES;
				GCC_WARN_INITIALIZER_NOT_FULLY_BRACKETED = YES;
				GCC_WARN_MISSING_PARENTHESES = YES;
				GCC_WARN_SHADOW = YES;
				GCC_WARN_SIGN_COMPARE = YES;
				GCC_WARN_TYPECHECK_CALLS_TO_PRINTF = YES;
				GCC_WARN_UNDECLARED_SELECTOR = YES;
				GCC_WARN_UNINITIALIZED_AUTOS = YES;
				GCC_WARN_UNUSED_FUNCTION = YES;
				GCC_WARN_UNUSED_LABEL = YES;
				GCC_WARN_UNUSED_VALUE = YES;
				GCC_WARN_UNUSED_VARIABLE = YES;
				IPHONEOS_DEPLOYMENT_TARGET = 8.0;
				RUN_CLANG_STATIC_ANALYZER = YES;
				SDKROOT = iphoneos;
				VALIDATE_PRODUCT = YES;
			};
			name = Release;
		};
		9ABB76FA78B287BAB6BD2C63 /* Release */ = {
			isa = XCBuildConfiguration;
			baseConfigurationReference = 0465B536932364233E193D1B /* Pods-unit_tests.release.xcconfig */;
			buildSettings = {
				BUNDLE_LOADER = "$(BUILT_PRODUCTS_DIR)/MovileNext.app/MovileNext";
				FRAMEWORK_SEARCH_PATHS = (
					"$(SDKROOT)/Developer/Library/Frameworks",
					"$(inherited)",
					"$(DEVELOPER_FRAMEWORKS_DIR)",
				);
				INFOPLIST_FILE = "UnitTests/Resources/UnitTests-Info.plist";
				PRODUCT_NAME = "$(TARGET_NAME)";
				SDKROOT = iphoneos;
				SKIP_INSTALL = YES;
				TEST_HOST = "$(BUNDLE_LOADER)";
				WRAPPER_EXTENSION = xctest;
			};
			name = Release;
		};
		A66DF8CFD918009BB4A60A69 /* Debug */ = {
			isa = XCBuildConfiguration;
			baseConfigurationReference = 9D9669C3FF74AAC62D2E2B85 /* Pods-MovileNext.debug.xcconfig */;
			buildSettings = {
				ALWAYS_SEARCH_USER_PATHS = NO;
				ASSETCATALOG_COMPILER_LAUNCHIMAGE_NAME = LaunchImage;
				COPY_PHASE_STRIP = NO;
				DSTROOT = /tmp/xcodeproj.dst;
				GCC_DYNAMIC_NO_PIC = NO;
				GCC_OPTIMIZATION_LEVEL = 0;
				GCC_PRECOMPILE_PREFIX_HEADER = YES;
				GCC_PREPROCESSOR_DEFINITIONS = (
					"DEBUG=1",
					"$(inherited)",
				);
				GCC_SYMBOLS_PRIVATE_EXTERN = NO;
				INFOPLIST_FILE = "MovileNext/Resources/Other-Sources/Info.plist";
				INSTALL_PATH = "$(BUILT_PRODUCTS_DIR)";
				LD_RUNPATH_SEARCH_PATHS = "$(inherited) @executable_path/Frameworks";
				PRODUCT_NAME = "$(TARGET_NAME)";
				PUBLIC_HEADERS_FOLDER_PATH = "$(TARGET_NAME)";
				SDKROOT = iphoneos;
			};
			name = Debug;
		};
		D20BACA9A6224646908F7C9C /* Release */ = {
			isa = XCBuildConfiguration;
			baseConfigurationReference = AA39F2E9C80297EFBD577648 /* Pods-MovileNext.release.xcconfig */;
			buildSettings = {
				ALWAYS_SEARCH_USER_PATHS = NO;
				ASSETCATALOG_COMPILER_LAUNCHIMAGE_NAME = LaunchImage;
				COPY_PHASE_STRIP = YES;
				DSTROOT = /tmp/xcodeproj.dst;
				GCC_PRECOMPILE_PREFIX_HEADER = YES;
				GCC_TREAT_WARNINGS_AS_ERRORS = YES;
				INFOPLIST_FILE = "MovileNext/Resources/Other-Sources/Info.plist";
				INSTALL_PATH = "$(BUILT_PRODUCTS_DIR)";
				LD_RUNPATH_SEARCH_PATHS = "$(inherited) @executable_path/Frameworks";
				OTHER_CFLAGS = (
					"-DNS_BLOCK_ASSERTIONS=1",
					"$(inherited)",
				);
				OTHER_CPLUSPLUSFLAGS = (
					"-DNS_BLOCK_ASSERTIONS=1",
					"$(inherited)",
				);
				PRODUCT_NAME = "$(TARGET_NAME)";
				PUBLIC_HEADERS_FOLDER_PATH = "$(TARGET_NAME)";
				SDKROOT = iphoneos;
				VALIDATE_PRODUCT = YES;
			};
			name = Release;
		};
		E698F1E0F121F9A3D0B9AC2E /* Debug */ = {
			isa = XCBuildConfiguration;
			baseConfigurationReference = F8215B78DD5D3AAE03BA4081 /* Pods-unit_tests.debug.xcconfig */;
			buildSettings = {
				BUNDLE_LOADER = "$(BUILT_PRODUCTS_DIR)/MovileNext.app/MovileNext";
				FRAMEWORK_SEARCH_PATHS = (
					"$(SDKROOT)/Developer/Library/Frameworks",
					"$(inherited)",
					"$(DEVELOPER_FRAMEWORKS_DIR)",
				);
				INFOPLIST_FILE = "UnitTests/Resources/UnitTests-Info.plist";
				PRODUCT_NAME = "$(TARGET_NAME)";
				SDKROOT = iphoneos;
				SKIP_INSTALL = YES;
				TEST_HOST = "$(BUNDLE_LOADER)";
				WRAPPER_EXTENSION = xctest;
			};
			name = Debug;
		};
/* End XCBuildConfiguration section */

/* Begin XCConfigurationList section */
		4EBBB804A07499C84D62BB7F /* Build configuration list for PBXProject "MovileNext" */ = {
			isa = XCConfigurationList;
			buildConfigurations = (
				1B1374E911CA2FB6F4E56BC1 /* Debug */,
				6043839ABB8566549842E5E9 /* Release */,
			);
			defaultConfigurationIsVisible = 0;
			defaultConfigurationName = Release;
		};
		A9DE7E7B54D49047601F1EA6 /* Build configuration list for PBXNativeTarget "UnitTests" */ = {
			isa = XCConfigurationList;
			buildConfigurations = (
				9ABB76FA78B287BAB6BD2C63 /* Release */,
				E698F1E0F121F9A3D0B9AC2E /* Debug */,
			);
			defaultConfigurationIsVisible = 0;
			defaultConfigurationName = Release;
		};
		B8965CD1337D6FBA0B48DF43 /* Build configuration list for PBXNativeTarget "MovileNext" */ = {
			isa = XCConfigurationList;
			buildConfigurations = (
				D20BACA9A6224646908F7C9C /* Release */,
				A66DF8CFD918009BB4A60A69 /* Debug */,
			);
			defaultConfigurationIsVisible = 0;
			defaultConfigurationName = Release;
		};
/* End XCConfigurationList section */
	};
	rootObject = 92E15E4BB8E86A0D36ADADE9 /* Project object */;
}
